{
  "name": "elebus-benchmarks",
  "version": "0.0.1",
  "lockfileVersion": 3,
  "requires": true,
  "packages": {
    "": {
      "name": "elebus-benchmarks",
      "version": "0.0.1",
      "license": "MIT",
      "devDependencies": {
        "tinybench": "^3.0.3"
      }
    },
    "node_modules/tinybench": {
      "version": "3.0.3",
      "resolved": "https://registry.npmjs.org/tinybench/-/tinybench-3.0.3.tgz",
      "integrity": "sha512-uJx7Wn5Dp5qd2TBbbixMaFSxod6HvJxhA7rb55BJD27Gcsz+zoHRA/Gk8pBl91GiWbKtoGqU02XS8GOVJhe1KA==",
      "dev": true,
      "engines": {
        "node": ">=18.0.0"
      }
    }
  }
}
